// !$*UTF8*$!
{
	archiveVersion = 1;
	classes = {
	};
	objectVersion = 46;
	objects = {

/* Begin PBXBuildFile section */
		15531D201AAB089C009ADC38 /* main.m in Sources */ = {isa = PBXBuildFile; fileRef = 15531D1F1AAB089C009ADC38 /* main.m */; };
		15531D231AAB089C009ADC38 /* AppDelegate.m in Sources */ = {isa = PBXBuildFile; fileRef = 15531D221AAB089C009ADC38 /* AppDelegate.m */; };
		15531D261AAB089C009ADC38 /* ViewController.m in Sources */ = {isa = PBXBuildFile; fileRef = 15531D251AAB089C009ADC38 /* ViewController.m */; };
		15531D291AAB089C009ADC38 /* Main.storyboard in Resources */ = {isa = PBXBuildFile; fileRef = 15531D271AAB089C009ADC38 /* Main.storyboard */; };
		15531D2B1AAB089C009ADC38 /* Images.xcassets in Resources */ = {isa = PBXBuildFile; fileRef = 15531D2A1AAB089C009ADC38 /* Images.xcassets */; };
		15531D2E1AAB089C009ADC38 /* LaunchScreen.xib in Resources */ = {isa = PBXBuildFile; fileRef = 15531D2C1AAB089C009ADC38 /* LaunchScreen.xib */; };
		15531D3A1AAB089D009ADC38 /* GOB2BTests.m in Sources */ = {isa = PBXBuildFile; fileRef = 15531D391AAB089D009ADC38 /* GOB2BTests.m */; };
/* End PBXBuildFile section */

/* Begin PBXContainerItemProxy section */
		15531D341AAB089D009ADC38 /* PBXContainerItemProxy */ = {
			isa = PBXContainerItemProxy;
			containerPortal = 15531D121AAB089C009ADC38 /* Project object */;
			proxyType = 1;
			remoteGlobalIDString = 15531D191AAB089C009ADC38;
			remoteInfo = GOB2B;
		};
/* End PBXContainerItemProxy section */

/* Begin PBXFileReference section */
		15531D1A1AAB089C009ADC38 /* GOB2B.app */ = {isa = PBXFileReference; explicitFileType = wrapper.application; includeInIndex = 0; path = GOB2B.app; sourceTree = BUILT_PRODUCTS_DIR; };
		15531D1E1AAB089C009ADC38 /* Info.plist */ = {isa = PBXFileReference; lastKnownFileType = text.plist.xml; path = Info.plist; sourceTree = "<group>"; };
		15531D1F1AAB089C009ADC38 /* main.m */ = {isa = PBXFileReference; lastKnownFileType = sourcecode.c.objc; path = main.m; sourceTree = "<group>"; };
		15531D211AAB089C009ADC38 /* AppDelegate.h */ = {isa = PBXFileReference; lastKnownFileType = sourcecode.c.h; path = AppDelegate.h; sourceTree = "<group>"; };
		15531D221AAB089C009ADC38 /* AppDelegate.m */ = {isa = PBXFileReference; lastKnownFileType = sourcecode.c.objc; path = AppDelegate.m; sourceTree = "<group>"; };
		15531D241AAB089C009ADC38 /* ViewController.h */ = {isa = PBXFileReference; lastKnownFileType = sourcecode.c.h; path = ViewController.h; sourceTree = "<group>"; };
		15531D251AAB089C009ADC38 /* ViewController.m */ = {isa = PBXFileReference; lastKnownFileType = sourcecode.c.objc; path = ViewController.m; sourceTree = "<group>"; };
		15531D281AAB089C009ADC38 /* Base */ = {isa = PBXFileReference; lastKnownFileType = file.storyboard; name = Base; path = Base.lproj/Main.storyboard; sourceTree = "<group>"; };
		15531D2A1AAB089C009ADC38 /* Images.xcassets */ = {isa = PBXFileReference; lastKnownFileType = folder.assetcatalog; path = Images.xcassets; sourceTree = "<group>"; };
		15531D2D1AAB089C009ADC38 /* Base */ = {isa = PBXFileReference; lastKnownFileType = file.xib; name = Base; path = Base.lproj/LaunchScreen.xib; sourceTree = "<group>"; };
		15531D331AAB089D009ADC38 /* GOB2BTests.xctest */ = {isa = PBXFileReference; explicitFileType = wrapper.cfbundle; includeInIndex = 0; path = GOB2BTests.xctest; sourceTree = BUILT_PRODUCTS_DIR; };
		15531D381AAB089D009ADC38 /* Info.plist */ = {isa = PBXFileReference; lastKnownFileType = text.plist.xml; path = Info.plist; sourceTree = "<group>"; };
		15531D391AAB089D009ADC38 /* GOB2BTests.m */ = {isa = PBXFileReference; lastKnownFileType = sourcecode.c.objc; path = GOB2BTests.m; sourceTree = "<group>"; };
/* End PBXFileReference section */

/* Begin PBXFrameworksBuildPhase section */
		15531D171AAB089C009ADC38 /* Frameworks */ = {
			isa = PBXFrameworksBuildPhase;
			buildActionMask = 2147483647;
			files = (
			);
			runOnlyForDeploymentPostprocessing = 0;
		};
		15531D301AAB089C009ADC38 /* Frameworks */ = {
			isa = PBXFrameworksBuildPhase;
			buildActionMask = 2147483647;
			files = (
			);
			runOnlyForDeploymentPostprocessing = 0;
		};
/* End PBXFrameworksBuildPhase section */

/* Begin PBXGroup section */
		15531D111AAB089C009ADC38 = {
			isa = PBXGroup;
			children = (
				15531D1C1AAB089C009ADC38 /* GOB2B */,
				15531D361AAB089D009ADC38 /* GOB2BTests */,
				15531D1B1AAB089C009ADC38 /* Products */,
			);
			sourceTree = "<group>";
		};
		15531D1B1AAB089C009ADC38 /* Products */ = {
			isa = PBXGroup;
			children = (
				15531D1A1AAB089C009ADC38 /* GOB2B.app */,
				15531D331AAB089D009ADC38 /* GOB2BTests.xctest */,
			);
			name = Products;
			sourceTree = "<group>";
		};
		15531D1C1AAB089C009ADC38 /* GOB2B */ = {
			isa = PBXGroup;
			children = (
				15531D211AAB089C009ADC38 /* AppDelegate.h */,
				15531D221AAB089C009ADC38 /* AppDelegate.m */,
				15531D241AAB089C009ADC38 /* ViewController.h */,
				15531D251AAB089C009ADC38 /* ViewController.m */,
				15531D271AAB089C009ADC38 /* Main.storyboard */,
				15531D2A1AAB089C009ADC38 /* Images.xcassets */,
				15531D2C1AAB089C009ADC38 /* LaunchScreen.xib */,
				15531D1D1AAB089C009ADC38 /* Supporting Files */,
			);
			path = GOB2B;
			sourceTree = "<group>";
		};
		15531D1D1AAB089C009ADC38 /* Supporting Files */ = {
			isa = PBXGroup;
			children = (
				15531D1E1AAB089C009ADC38 /* Info.plist */,
				15531D1F1AAB089C009ADC38 /* main.m */,
			);
			name = "Supporting Files";
			sourceTree = "<group>";
		};
		15531D361AAB089D009ADC38 /* GOB2BTests */ = {
			isa = PBXGroup;
			children = (
				15531D391AAB089D009ADC38 /* GOB2BTests.m */,
				15531D371AAB089D009ADC38 /* Supporting Files */,
			);
			path = GOB2BTests;
			sourceTree = "<group>";
		};
		15531D371AAB089D009ADC38 /* Supporting Files */ = {
			isa = PBXGroup;
			children = (
				15531D381AAB089D009ADC38 /* Info.plist */,
			);
			name = "Supporting Files";
			sourceTree = "<group>";
		};
/* End PBXGroup section */

/* Begin PBXNativeTarget section */
		15531D191AAB089C009ADC38 /* GOB2B */ = {
			isa = PBXNativeTarget;
			buildConfigurationList = 15531D3D1AAB089D009ADC38 /* Build configuration list for PBXNativeTarget "GOB2B" */;
			buildPhases = (
				15531D161AAB089C009ADC38 /* Sources */,
				15531D171AAB089C009ADC38 /* Frameworks */,
				15531D181AAB089C009ADC38 /* Resources */,
			);
			buildRules = (
			);
			dependencies = (
			);
			name = GOB2B;
			productName = GOB2B;
			productReference = 15531D1A1AAB089C009ADC38 /* GOB2B.app */;
			productType = "com.apple.product-type.application";
		};
		15531D321AAB089C009ADC38 /* GOB2BTests */ = {
			isa = PBXNativeTarget;
			buildConfigurationList = 15531D401AAB089D009ADC38 /* Build configuration list for PBXNativeTarget "GOB2BTests" */;
			buildPhases = (
				15531D2F1AAB089C009ADC38 /* Sources */,
				15531D301AAB089C009ADC38 /* Frameworks */,
				15531D311AAB089C009ADC38 /* Resources */,
			);
			buildRules = (
			);
			dependencies = (
				15531D351AAB089D009ADC38 /* PBXTargetDependency */,
			);
			name = GOB2BTests;
			productName = GOB2BTests;
			productReference = 15531D331AAB089D009ADC38 /* GOB2BTests.xctest */;
			productType = "com.apple.product-type.bundle.unit-test";
		};
/* End PBXNativeTarget section */

/* Begin PBXProject section */
		15531D121AAB089C009ADC38 /* Project object */ = {
			isa = PBXProject;
			attributes = {
				LastUpgradeCheck = 0610;
				ORGANIZATIONNAME = GOB2B;
				TargetAttributes = {
					15531D191AAB089C009ADC38 = {
						CreatedOnToolsVersion = 6.1.1;
					};
					15531D321AAB089C009ADC38 = {
						CreatedOnToolsVersion = 6.1.1;
						TestTargetID = 15531D191AAB089C009ADC38;
					};
				};
			};
			buildConfigurationList = 15531D151AAB089C009ADC38 /* Build configuration list for PBXProject "GOB2B" */;
			compatibilityVersion = "Xcode 3.2";
			developmentRegion = English;
			hasScannedForEncodings = 0;
			knownRegions = (
				en,
				Base,
			);
			mainGroup = 15531D111AAB089C009ADC38;
			productRefGroup = 15531D1B1AAB089C009ADC38 /* Products */;
			projectDirPath = "";
			projectRoot = "";
			targets = (
				15531D191AAB089C009ADC38 /* GOB2B */,
				15531D321AAB089C009ADC38 /* GOB2BTests */,
			);
		};
/* End PBXProject section */

/* Begin PBXResourcesBuildPhase section */
		15531D181AAB089C009ADC38 /* Resources */ = {
			isa = PBXResourcesBuildPhase;
			buildActionMask = 2147483647;
			files = (
				15531D291AAB089C009ADC38 /* Main.storyboard in Resources */,
				15531D2E1AAB089C009ADC38 /* LaunchScreen.xib in Resources */,
				15531D2B1AAB089C009ADC38 /* Images.xcassets in Resources */,
			);
			runOnlyForDeploymentPostprocessing = 0;
		};
		15531D311AAB089C009ADC38 /* Resources */ = {
			isa = PBXResourcesBuildPhase;
			buildActionMask = 2147483647;
			files = (
			);
			runOnlyForDeploymentPostprocessing = 0;
		};
/* End PBXResourcesBuildPhase section */

/* Begin PBXSourcesBuildPhase section */
		15531D161AAB089C009ADC38 /* Sources */ = {
			isa = PBXSourcesBuildPhase;
			buildActionMask = 2147483647;
			files = (
				15531D261AAB089C009ADC38 /* ViewController.m in Sources */,
				15531D231AAB089C009ADC38 /* AppDelegate.m in Sources */,
				15531D201AAB089C009ADC38 /* main.m in Sources */,
			);
			runOnlyForDeploymentPostprocessing = 0;
		};
		15531D2F1AAB089C009ADC38 /* Sources */ = {
			isa = PBXSourcesBuildPhase;
			buildActionMask = 2147483647;
			files = (
				15531D3A1AAB089D009ADC38 /* GOB2BTests.m in Sources */,
			);
			runOnlyForDeploymentPostprocessing = 0;
		};
/* End PBXSourcesBuildPhase section */

/* Begin PBXTargetDependency section */
		15531D351AAB089D009ADC38 /* PBXTargetDependency */ = {
			isa = PBXTargetDependency;
			target = 15531D191AAB089C009ADC38 /* GOB2B */;
			targetProxy = 15531D341AAB089D009ADC38 /* PBXContainerItemProxy */;
		};
/* End PBXTargetDependency section */

/* Begin PBXVariantGroup section */
		15531D271AAB089C009ADC38 /* Main.storyboard */ = {
			isa = PBXVariantGroup;
			children = (
				15531D281AAB089C009ADC38 /* Base */,
			);
			name = Main.storyboard;
			sourceTree = "<group>";
		};
		15531D2C1AAB089C009ADC38 /* LaunchScreen.xib */ = {
			isa = PBXVariantGroup;
			children = (
				15531D2D1AAB089C009ADC38 /* Base */,
			);
			name = LaunchScreen.xib;
			sourceTree = "<group>";
		};
/* End PBXVariantGroup section */

/* Begin XCBuildConfiguration section */
		15531D3B1AAB089D009ADC38 /* Debug */ = {
			isa = XCBuildConfiguration;
			buildSettings = {
				ALWAYS_SEARCH_USER_PATHS = NO;
				CLANG_CXX_LANGUAGE_STANDARD = "gnu++0x";
				CLANG_CXX_LIBRARY = "libc++";
				CLANG_ENABLE_MODULES = YES;
				CLANG_ENABLE_OBJC_ARC = YES;
				CLANG_WARN_BOOL_CONVERSION = YES;
				CLANG_WARN_CONSTANT_CONVERSION = YES;
				CLANG_WARN_DIRECT_OBJC_ISA_USAGE = YES_ERROR;
				CLANG_WARN_EMPTY_BODY = YES;
				CLANG_WARN_ENUM_CONVERSION = YES;
				CLANG_WARN_INT_CONVERSION = YES;
				CLANG_WARN_OBJC_ROOT_CLASS = YES_ERROR;
				CLANG_WARN_UNREACHABLE_CODE = YES;
				CLANG_WARN__DUPLICATE_METHOD_MATCH = YES;
				"CODE_SIGN_IDENTITY[sdk=iphoneos*]" = "iPhone Developer";
				COPY_PHASE_STRIP = NO;
				ENABLE_STRICT_OBJC_MSGSEND = YES;
				GCC_C_LANGUAGE_STANDARD = gnu99;
				GCC_DYNAMIC_NO_PIC = NO;
				GCC_OPTIMIZATION_LEVEL = 0;
				GCC_PREPROCESSOR_DEFINITIONS = (
					"DEBUG=1",
					"$(inherited)",
				);
				GCC_SYMBOLS_PRIVATE_EXTERN = NO;
				GCC_WARN_64_TO_32_BIT_CONVERSION = YES;
				GCC_WARN_ABOUT_RETURN_TYPE = YES_ERROR;
				GCC_WARN_UNDECLARED_SELECTOR = YES;
				GCC_WARN_UNINITIALIZED_AUTOS = YES_AGGRESSIVE;
				GCC_WARN_UNUSED_FUNCTION = YES;
				GCC_WARN_UNUSED_VARIABLE = YES;
				IPHONEOS_DEPLOYMENT_TARGET = 8.1;
				MTL_ENABLE_DEBUG_INFO = YES;
				ONLY_ACTIVE_ARCH = YES;
				SDKROOT = iphoneos;
			};
			name = Debug;
		};
		15531D3C1AAB089D009ADC38 /* Release */ = {
			isa = XCBuildConfiguration;
			buildSettings = {
				ALWAYS_SEARCH_USER_PATHS = NO;
				CLANG_CXX_LANGUAGE_STANDARD = "gnu++0x";
				CLANG_CXX_LIBRARY = "libc++";
				CLANG_ENABLE_MODULES = YES;
				CLANG_ENABLE_OBJC_ARC = YES;
				CLANG_WARN_BOOL_CONVERSION = YES;
				CLANG_WARN_CONSTANT_CONVERSION = YES;
				CLANG_WARN_DIRECT_OBJC_ISA_USAGE = YES_ERROR;
				CLANG_WARN_EMPTY_BODY = YES;
				CLANG_WARN_ENUM_CONVERSION = YES;
				CLANG_WARN_INT_CONVERSION = YES;
				CLANG_WARN_OBJC_ROOT_CLASS = YES_ERROR;
				CLANG_WARN_UNREACHABLE_CODE = YES;
				CLANG_WARN__DUPLICATE_METHOD_MATCH = YES;
				"CODE_SIGN_IDENTITY[sdk=iphoneos*]" = "iPhone Developer";
				COPY_PHASE_STRIP = YES;
				ENABLE_NS_ASSERTIONS = NO;
				ENABLE_STRICT_OBJC_MSGSEND = YES;
				GCC_C_LANGUAGE_STANDARD = gnu99;
				GCC_WARN_64_TO_32_BIT_CONVERSION = YES;
				GCC_WARN_ABOUT_RETURN_TYPE = YES_ERROR;
				GCC_WARN_UNDECLARED_SELECTOR = YES;
				GCC_WARN_UNINITIALIZED_AUTOS = YES_AGGRESSIVE;
				GCC_WARN_UNUSED_FUNCTION = YES;
				GCC_WARN_UNUSED_VARIABLE = YES;
				IPHONEOS_DEPLOYMENT_TARGET = 8.1;
				MTL_ENABLE_DEBUG_INFO = NO;
				SDKROOT = iphoneos;
				VALIDATE_PRODUCT = YES;
			};
			name = Release;
		};
		15531D3E1AAB089D009ADC38 /* Debug */ = {
			isa = XCBuildConfiguration;
			buildSettings = {
				ASSETCATALOG_COMPILER_APPICON_NAME = AppIcon;
				INFOPLIST_FILE = GOB2B/Info.plist;
				LD_RUNPATH_SEARCH_PATHS = "$(inherited) @executable_path/Frameworks";
				PRODUCT_NAME = "$(TARGET_NAME)";
			};
			name = Debug;
		};
		15531D3F1AAB089D009ADC38 /* Release */ = {
			isa = XCBuildConfiguration;
			buildSettings = {
				ASSETCATALOG_COMPILER_APPICON_NAME = AppIcon;
				INFOPLIST_FILE = GOB2B/Info.plist;
				LD_RUNPATH_SEARCH_PATHS = "$(inherited) @executable_path/Frameworks";
				PRODUCT_NAME = "$(TARGET_NAME)";
			};
			name = Release;
		};
		15531D411AAB089D009ADC38 /* Debug */ = {
			isa = XCBuildConfiguration;
			buildSettings = {
				BUNDLE_LOADER = "$(TEST_HOST)";
				FRAMEWORK_SEARCH_PATHS = (
					"$(SDKROOT)/Developer/Library/Frameworks",
					"$(inherited)",
				);
				GCC_PREPROCESSOR_DEFINITIONS = (
					"DEBUG=1",
					"$(inherited)",
				);
				INFOPLIST_FILE = GOB2BTests/Info.plist;
				LD_RUNPATH_SEARCH_PATHS = "$(inherited) @executable_path/Frameworks @loader_path/Frameworks";
				PRODUCT_NAME = "$(TARGET_NAME)";
				TEST_HOST = "$(BUILT_PRODUCTS_DIR)/GOB2B.app/GOB2B";
			};
			name = Debug;
		};
		15531D421AAB089D009ADC38 /* Release */ = {
			isa = XCBuildConfiguration;
			buildSettings = {
				BUNDLE_LOADER = "$(TEST_HOST)";
				FRAMEWORK_SEARCH_PATHS = (
					"$(SDKROOT)/Developer/Library/Frameworks",
					"$(inherited)",
				);
				INFOPLIST_FILE = GOB2BTests/Info.plist;
				LD_RUNPATH_SEARCH_PATHS = "$(inherited) @executable_path/Frameworks @loader_path/Frameworks";
				PRODUCT_NAME = "$(TARGET_NAME)";
				TEST_HOST = "$(BUILT_PRODUCTS_DIR)/GOB2B.app/GOB2B";
			};
			name = Release;
		};
/* End XCBuildConfiguration section */

/* Begin XCConfigurationList section */
		15531D151AAB089C009ADC38 /* Build configuration list for PBXProject "GOB2B" */ = {
			isa = XCConfigurationList;
			buildConfigurations = (
				15531D3B1AAB089D009ADC38 /* Debug */,
				15531D3C1AAB089D009ADC38 /* Release */,
			);
			defaultConfigurationIsVisible = 0;
			defaultConfigurationName = Release;
		};
		15531D3D1AAB089D009ADC38 /* Build configuration list for PBXNativeTarget "GOB2B" */ = {
			isa = XCConfigurationList;
			buildConfigurations = (
				15531D3E1AAB089D009ADC38 /* Debug */,
				15531D3F1AAB089D009ADC38 /* Release */,
			);
			defaultConfigurationIsVisible = 0;
		};
		15531D401AAB089D009ADC38 /* Build configuration list for PBXNativeTarget "GOB2BTests" */ = {
			isa = XCConfigurationList;
			buildConfigurations = (
				15531D411AAB089D009ADC38 /* Debug */,
				15531D421AAB089D009ADC38 /* Release */,
			);
			defaultConfigurationIsVisible = 0;
		};
/* End XCConfigurationList section */
	};
	rootObject = 15531D121AAB089C009ADC38 /* Project object */;
}
